
Microsoft Visual Studio Solution File, Format Version 12.00
# Visual Studio 15
VisualStudioVersion = 15.0.28307.168
MinimumVisualStudioVersion = 10.0.40219.1
Project("{FAE04EC0-301F-11D3-BF4B-00C04F79EFBC}") = "WhoisRH", "WhoisRH\WhoisRH.csproj", "{5F99B6E5-4A2D-4D03-8D6B-AF9E71B075DA}"
EndProject
Global
	GlobalSection(SolutionConfigurationPlatforms) = preSolution
		Debug|Any CPU = Debug|Any CPU
		Release|Any CPU = Release|Any CPU
	EndGlobalSection
	GlobalSection(ProjectConfigurationPlatforms) = postSolution
		{5F99B6E5-4A2D-4D03-8D6B-AF9E71B075DA}.Debug|Any CPU.ActiveCfg = Debug|Any CPU
		{5F99B6E5-4A2D-4D03-8D6B-AF9E71B075DA}.Debug|Any CPU.Build.0 = Debug|Any CPU
		{5F99B6E5-4A2D-4D03-8D6B-AF9E71B075DA}.Release|Any CPU.ActiveCfg = Release|Any CPU
		{5F99B6E5-4A2D-4D03-8D6B-AF9E71B075DA}.Release|Any CPU.Build.0 = Release|Any CPU
	EndGlobalSection
	GlobalSection(SolutionProperties) = preSolution
		HideSolutionNode = FALSE
	EndGlobalSection
	GlobalSection(ExtensibilityGlobals) = postSolution
		SolutionGuid = {2C2186AA-9686-474D-ADF0-E2B64DE628F5}
	EndGlobalSection
EndGlobal
